
Microsoft Visual Studio Solution File, Format Version 12.00
# Visual Studio 15
VisualStudioVersion = 15.0.26124.0
MinimumVisualStudioVersion = 15.0.26124.0
Project("{FAE04EC0-301F-11D3-BF4B-00C04F79EFBC}") = "Library", "Library\Library.csproj", "{76D80CB9-EF85-41BE-A97D-FBBF93CEA631}"
EndProject
Project("{FAE04EC0-301F-11D3-BF4B-00C04F79EFBC}") = "ClientConsole", "ClientConsole\ClientConsole.csproj", "{8D37F2CF-012B-4A88-8BB7-9628CA051D85}"
EndProject
Project("{FAE04EC0-301F-11D3-BF4B-00C04F79EFBC}") = "Server3", "Server3\Server3.csproj", "{95348FC9-B0BD-4218-ADD0-61AD69214EBC}"
EndProject
Global
	GlobalSection(SolutionConfigurationPlatforms) = preSolution
		Debug|Any CPU = Debug|Any CPU
		Debug|x64 = Debug|x64
		Debug|x86 = Debug|x86
		Release|Any CPU = Release|Any CPU
		Release|x64 = Release|x64
		Release|x86 = Release|x86
	EndGlobalSection
	GlobalSection(SolutionProperties) = preSolution
		HideSolutionNode = FALSE
	EndGlobalSection
	GlobalSection(ProjectConfigurationPlatforms) = postSolution
		{76D80CB9-EF85-41BE-A97D-FBBF93CEA631}.Debug|Any CPU.ActiveCfg = Debug|Any CPU
		{76D80CB9-EF85-41BE-A97D-FBBF93CEA631}.Debug|Any CPU.Build.0 = Debug|Any CPU
		{76D80CB9-EF85-41BE-A97D-FBBF93CEA631}.Debug|x64.ActiveCfg = Debug|Any CPU
		{76D80CB9-EF85-41BE-A97D-FBBF93CEA631}.Debug|x64.Build.0 = Debug|Any CPU
		{76D80CB9-EF85-41BE-A97D-FBBF93CEA631}.Debug|x86.ActiveCfg = Debug|Any CPU
		{76D80CB9-EF85-41BE-A97D-FBBF93CEA631}.Debug|x86.Build.0 = Debug|Any CPU
		{76D80CB9-EF85-41BE-A97D-FBBF93CEA631}.Release|Any CPU.ActiveCfg = Release|Any CPU
		{76D80CB9-EF85-41BE-A97D-FBBF93CEA631}.Release|Any CPU.Build.0 = Release|Any CPU
		{76D80CB9-EF85-41BE-A97D-FBBF93CEA631}.Release|x64.ActiveCfg = Release|Any CPU
		{76D80CB9-EF85-41BE-A97D-FBBF93CEA631}.Release|x64.Build.0 = Release|Any CPU
		{76D80CB9-EF85-41BE-A97D-FBBF93CEA631}.Release|x86.ActiveCfg = Release|Any CPU
		{76D80CB9-EF85-41BE-A97D-FBBF93CEA631}.Release|x86.Build.0 = Release|Any CPU
		{8D37F2CF-012B-4A88-8BB7-9628CA051D85}.Debug|Any CPU.ActiveCfg = Debug|Any CPU
		{8D37F2CF-012B-4A88-8BB7-9628CA051D85}.Debug|Any CPU.Build.0 = Debug|Any CPU
		{8D37F2CF-012B-4A88-8BB7-9628CA051D85}.Debug|x64.ActiveCfg = Debug|Any CPU
		{8D37F2CF-012B-4A88-8BB7-9628CA051D85}.Debug|x64.Build.0 = Debug|Any CPU
		{8D37F2CF-012B-4A88-8BB7-9628CA051D85}.Debug|x86.ActiveCfg = Debug|Any CPU
		{8D37F2CF-012B-4A88-8BB7-9628CA051D85}.Debug|x86.Build.0 = Debug|Any CPU
		{8D37F2CF-012B-4A88-8BB7-9628CA051D85}.Release|Any CPU.ActiveCfg = Release|Any CPU
		{8D37F2CF-012B-4A88-8BB7-9628CA051D85}.Release|Any CPU.Build.0 = Release|Any CPU
		{8D37F2CF-012B-4A88-8BB7-9628CA051D85}.Release|x64.ActiveCfg = Release|Any CPU
		{8D37F2CF-012B-4A88-8BB7-9628CA051D85}.Release|x64.Build.0 = Release|Any CPU
		{8D37F2CF-012B-4A88-8BB7-9628CA051D85}.Release|x86.ActiveCfg = Release|Any CPU
		{8D37F2CF-012B-4A88-8BB7-9628CA051D85}.Release|x86.Build.0 = Release|Any CPU
		{95348FC9-B0BD-4218-ADD0-61AD69214EBC}.Debug|Any CPU.ActiveCfg = Debug|Any CPU
		{95348FC9-B0BD-4218-ADD0-61AD69214EBC}.Debug|Any CPU.Build.0 = Debug|Any CPU
		{95348FC9-B0BD-4218-ADD0-61AD69214EBC}.Debug|x64.ActiveCfg = Debug|Any CPU
		{95348FC9-B0BD-4218-ADD0-61AD69214EBC}.Debug|x64.Build.0 = Debug|Any CPU
		{95348FC9-B0BD-4218-ADD0-61AD69214EBC}.Debug|x86.ActiveCfg = Debug|Any CPU
		{95348FC9-B0BD-4218-ADD0-61AD69214EBC}.Debug|x86.Build.0 = Debug|Any CPU
		{95348FC9-B0BD-4218-ADD0-61AD69214EBC}.Release|Any CPU.ActiveCfg = Release|Any CPU
		{95348FC9-B0BD-4218-ADD0-61AD69214EBC}.Release|Any CPU.Build.0 = Release|Any CPU
		{95348FC9-B0BD-4218-ADD0-61AD69214EBC}.Release|x64.ActiveCfg = Release|Any CPU
		{95348FC9-B0BD-4218-ADD0-61AD69214EBC}.Release|x64.Build.0 = Release|Any CPU
		{95348FC9-B0BD-4218-ADD0-61AD69214EBC}.Release|x86.ActiveCfg = Release|Any CPU
		{95348FC9-B0BD-4218-ADD0-61AD69214EBC}.Release|x86.Build.0 = Release|Any CPU
	EndGlobalSection
EndGlobal
